
Microsoft Visual Studio Solution File, Format Version 12.00
# Visual Studio Version 17
VisualStudioVersion = 17.7.34024.191
MinimumVisualStudioVersion = 10.0.40219.1
Project("{FAE04EC0-301F-11D3-BF4B-00C04F79EFBC}") = "Graphics Console", "Graphics Console.csproj", "{8BA8C1E5-1A16-4E20-8220-889E4DF51AE2}"
EndProject
Global
	GlobalSection(SolutionConfigurationPlatforms) = preSolution
		Debug|Any CPU = Debug|Any CPU
		Release|Any CPU = Release|Any CPU
	EndGlobalSection
	GlobalSection(ProjectConfigurationPlatforms) = postSolution
		{8BA8C1E5-1A16-4E20-8220-889E4DF51AE2}.Debug|Any CPU.ActiveCfg = Debug|Any CPU
		{8BA8C1E5-1A16-4E20-8220-889E4DF51AE2}.Debug|Any CPU.Build.0 = Debug|Any CPU
		{8BA8C1E5-1A16-4E20-8220-889E4DF51AE2}.Release|Any CPU.ActiveCfg = Release|Any CPU
		{8BA8C1E5-1A16-4E20-8220-889E4DF51AE2}.Release|Any CPU.Build.0 = Release|Any CPU
	EndGlobalSection
	GlobalSection(SolutionProperties) = preSolution
		HideSolutionNode = FALSE
	EndGlobalSection
	GlobalSection(ExtensibilityGlobals) = postSolution
		SolutionGuid = {55986D47-B276-4C3F-8412-FDB945C00E4F}
	EndGlobalSection
EndGlobal
